// !$*UTF8*$!
{
	archiveVersion = 1;
	classes = {
	};
	objectVersion = 50;
	objects = {

/* Begin PBXBuildFile section */
		3E5F9289225D211B009EDB49 /* DetailTabController.swift in Sources */ = {isa = PBXBuildFile; fileRef = 3E5F9288225D211B009EDB49 /* DetailTabController.swift */; };
		3E5F928B225D34A2009EDB49 /* InfoViewController.swift in Sources */ = {isa = PBXBuildFile; fileRef = 3E5F928A225D34A2009EDB49 /* InfoViewController.swift */; };
		3E5F928D225D3BA6009EDB49 /* InfoNavigationController.swift in Sources */ = {isa = PBXBuildFile; fileRef = 3E5F928C225D3BA6009EDB49 /* InfoNavigationController.swift */; };
		3E5F928F225D3DB1009EDB49 /* ShippingNavigationController.swift in Sources */ = {isa = PBXBuildFile; fileRef = 3E5F928E225D3DB1009EDB49 /* ShippingNavigationController.swift */; };
		3E5F9291225D3DCD009EDB49 /* PhotosNavigationController.swift in Sources */ = {isa = PBXBuildFile; fileRef = 3E5F9290225D3DCD009EDB49 /* PhotosNavigationController.swift */; };
		3E5F9293225D3DE8009EDB49 /* SimilarNavigationController.swift in Sources */ = {isa = PBXBuildFile; fileRef = 3E5F9292225D3DE8009EDB49 /* SimilarNavigationController.swift */; };
		3E5F9295225D3E0A009EDB49 /* ShippingViewController.swift in Sources */ = {isa = PBXBuildFile; fileRef = 3E5F9294225D3E0A009EDB49 /* ShippingViewController.swift */; };
		3E5F9297225D3E19009EDB49 /* PhotosViewController.swift in Sources */ = {isa = PBXBuildFile; fileRef = 3E5F9296225D3E19009EDB49 /* PhotosViewController.swift */; };
		3E5F9299225D3E2A009EDB49 /* SimilarViewController.swift in Sources */ = {isa = PBXBuildFile; fileRef = 3E5F9298225D3E2A009EDB49 /* SimilarViewController.swift */; };
		3E5F929D226076CC009EDB49 /* TableViewController.swift in Sources */ = {isa = PBXBuildFile; fileRef = 3E5F929C226076CC009EDB49 /* TableViewController.swift */; };
		3E5F929F22607DF3009EDB49 /* TableViewController1.swift in Sources */ = {isa = PBXBuildFile; fileRef = 3E5F929E22607DF3009EDB49 /* TableViewController1.swift */; };
		3E5F92A22261A472009EDB49 /* MainNavigationController.swift in Sources */ = {isa = PBXBuildFile; fileRef = 3E5F92A12261A472009EDB49 /* MainNavigationController.swift */; };
		3E5F92A42262762C009EDB49 /* ItemViewController.swift in Sources */ = {isa = PBXBuildFile; fileRef = 3E5F92A32262762C009EDB49 /* ItemViewController.swift */; };
		3EEE5A5C2259CB860052AF71 /* AppDelegate.swift in Sources */ = {isa = PBXBuildFile; fileRef = 3EEE5A5B2259CB860052AF71 /* AppDelegate.swift */; };
		3EEE5A5E2259CB860052AF71 /* ViewController.swift in Sources */ = {isa = PBXBuildFile; fileRef = 3EEE5A5D2259CB860052AF71 /* ViewController.swift */; };
		3EEE5A612259CB860052AF71 /* Main.storyboard in Resources */ = {isa = PBXBuildFile; fileRef = 3EEE5A5F2259CB860052AF71 /* Main.storyboard */; };
		3EEE5A632259CB880052AF71 /* Assets.xcassets in Resources */ = {isa = PBXBuildFile; fileRef = 3EEE5A622259CB880052AF71 /* Assets.xcassets */; };
		3EEE5A662259CB880052AF71 /* LaunchScreen.storyboard in Resources */ = {isa = PBXBuildFile; fileRef = 3EEE5A642259CB880052AF71 /* LaunchScreen.storyboard */; };
		3EEE5A712259CB880052AF71 /* product_search_mobile1Tests.swift in Sources */ = {isa = PBXBuildFile; fileRef = 3EEE5A702259CB880052AF71 /* product_search_mobile1Tests.swift */; };
		3EEE5A7C2259CB880052AF71 /* product_search_mobile1UITests.swift in Sources */ = {isa = PBXBuildFile; fileRef = 3EEE5A7B2259CB880052AF71 /* product_search_mobile1UITests.swift */; };
		79D4ED31924800DFAC87F53D /* Pods_product_search_mobile1Tests.framework in Frameworks */ = {isa = PBXBuildFile; fileRef = BFE80CCAF220DA21116FCD60 /* Pods_product_search_mobile1Tests.framework */; };
		8A4D9A0FFE41FAA88932F879 /* Pods_product_search_mobile1.framework in Frameworks */ = {isa = PBXBuildFile; fileRef = 239E6CD7A2FCCEC729D3F460 /* Pods_product_search_mobile1.framework */; };
		A5CF4794469419BF607DFEAF /* Pods_product_search_mobile1UITests.framework in Frameworks */ = {isa = PBXBuildFile; fileRef = E9D872D097F6400B26F79211 /* Pods_product_search_mobile1UITests.framework */; };
/* End PBXBuildFile section */

/* Begin PBXContainerItemProxy section */
		3EEE5A6D2259CB880052AF71 /* PBXContainerItemProxy */ = {
			isa = PBXContainerItemProxy;
			containerPortal = 3EEE5A502259CB860052AF71 /* Project object */;
			proxyType = 1;
			remoteGlobalIDString = 3EEE5A572259CB860052AF71;
			remoteInfo = "product-search-mobile1";
		};
		3EEE5A782259CB880052AF71 /* PBXContainerItemProxy */ = {
			isa = PBXContainerItemProxy;
			containerPortal = 3EEE5A502259CB860052AF71 /* Project object */;
			proxyType = 1;
			remoteGlobalIDString = 3EEE5A572259CB860052AF71;
			remoteInfo = "product-search-mobile1";
		};
/* End PBXContainerItemProxy section */

/* Begin PBXFileReference section */
		239E6CD7A2FCCEC729D3F460 /* Pods_product_search_mobile1.framework */ = {isa = PBXFileReference; explicitFileType = wrapper.framework; includeInIndex = 0; path = Pods_product_search_mobile1.framework; sourceTree = BUILT_PRODUCTS_DIR; };
		247DCAF1346C17FF71DA21FE /* Pods-product-search-mobile1Tests.release.xcconfig */ = {isa = PBXFileReference; includeInIndex = 1; lastKnownFileType = text.xcconfig; name = "Pods-product-search-mobile1Tests.release.xcconfig"; path = "Target Support Files/Pods-product-search-mobile1Tests/Pods-product-search-mobile1Tests.release.xcconfig"; sourceTree = "<group>"; };
		3E5F9288225D211B009EDB49 /* DetailTabController.swift */ = {isa = PBXFileReference; lastKnownFileType = sourcecode.swift; path = DetailTabController.swift; sourceTree = "<group>"; };
		3E5F928A225D34A2009EDB49 /* InfoViewController.swift */ = {isa = PBXFileReference; lastKnownFileType = sourcecode.swift; path = InfoViewController.swift; sourceTree = "<group>"; };
		3E5F928C225D3BA6009EDB49 /* InfoNavigationController.swift */ = {isa = PBXFileReference; lastKnownFileType = sourcecode.swift; path = InfoNavigationController.swift; sourceTree = "<group>"; };
		3E5F928E225D3DB1009EDB49 /* ShippingNavigationController.swift */ = {isa = PBXFileReference; lastKnownFileType = sourcecode.swift; path = ShippingNavigationController.swift; sourceTree = "<group>"; };
		3E5F9290225D3DCD009EDB49 /* PhotosNavigationController.swift */ = {isa = PBXFileReference; lastKnownFileType = sourcecode.swift; path = PhotosNavigationController.swift; sourceTree = "<group>"; };
		3E5F9292225D3DE8009EDB49 /* SimilarNavigationController.swift */ = {isa = PBXFileReference; lastKnownFileType = sourcecode.swift; path = SimilarNavigationController.swift; sourceTree = "<group>"; };
		3E5F9294225D3E0A009EDB49 /* ShippingViewController.swift */ = {isa = PBXFileReference; lastKnownFileType = sourcecode.swift; path = ShippingViewController.swift; sourceTree = "<group>"; };
		3E5F9296225D3E19009EDB49 /* PhotosViewController.swift */ = {isa = PBXFileReference; lastKnownFileType = sourcecode.swift; path = PhotosViewController.swift; sourceTree = "<group>"; };
		3E5F9298225D3E2A009EDB49 /* SimilarViewController.swift */ = {isa = PBXFileReference; lastKnownFileType = sourcecode.swift; path = SimilarViewController.swift; sourceTree = "<group>"; };
		3E5F929C226076CC009EDB49 /* TableViewController.swift */ = {isa = PBXFileReference; lastKnownFileType = sourcecode.swift; path = TableViewController.swift; sourceTree = "<group>"; };
		3E5F929E22607DF3009EDB49 /* TableViewController1.swift */ = {isa = PBXFileReference; lastKnownFileType = sourcecode.swift; path = TableViewController1.swift; sourceTree = "<group>"; };
		3E5F92A022618F9D009EDB49 /* product-search-mobile1.entitlements */ = {isa = PBXFileReference; lastKnownFileType = text.plist.entitlements; path = "product-search-mobile1.entitlements"; sourceTree = "<group>"; };
		3E5F92A12261A472009EDB49 /* MainNavigationController.swift */ = {isa = PBXFileReference; lastKnownFileType = sourcecode.swift; path = MainNavigationController.swift; sourceTree = "<group>"; };
		3E5F92A32262762C009EDB49 /* ItemViewController.swift */ = {isa = PBXFileReference; lastKnownFileType = sourcecode.swift; path = ItemViewController.swift; sourceTree = "<group>"; };
		3EEE5A582259CB860052AF71 /* product-search-mobile1.app */ = {isa = PBXFileReference; explicitFileType = wrapper.application; includeInIndex = 0; path = "product-search-mobile1.app"; sourceTree = BUILT_PRODUCTS_DIR; };
		3EEE5A5B2259CB860052AF71 /* AppDelegate.swift */ = {isa = PBXFileReference; lastKnownFileType = sourcecode.swift; path = AppDelegate.swift; sourceTree = "<group>"; };
		3EEE5A5D2259CB860052AF71 /* ViewController.swift */ = {isa = PBXFileReference; lastKnownFileType = sourcecode.swift; path = ViewController.swift; sourceTree = "<group>"; };
		3EEE5A602259CB860052AF71 /* Base */ = {isa = PBXFileReference; lastKnownFileType = file.storyboard; name = Base; path = Base.lproj/Main.storyboard; sourceTree = "<group>"; };
		3EEE5A622259CB880052AF71 /* Assets.xcassets */ = {isa = PBXFileReference; lastKnownFileType = folder.assetcatalog; path = Assets.xcassets; sourceTree = "<group>"; };
		3EEE5A652259CB880052AF71 /* Base */ = {isa = PBXFileReference; lastKnownFileType = file.storyboard; name = Base; path = Base.lproj/LaunchScreen.storyboard; sourceTree = "<group>"; };
		3EEE5A672259CB880052AF71 /* Info.plist */ = {isa = PBXFileReference; lastKnownFileType = text.plist.xml; path = Info.plist; sourceTree = "<group>"; };
		3EEE5A6C2259CB880052AF71 /* product-search-mobile1Tests.xctest */ = {isa = PBXFileReference; explicitFileType = wrapper.cfbundle; includeInIndex = 0; path = "product-search-mobile1Tests.xctest"; sourceTree = BUILT_PRODUCTS_DIR; };
		3EEE5A702259CB880052AF71 /* product_search_mobile1Tests.swift */ = {isa = PBXFileReference; lastKnownFileType = sourcecode.swift; path = product_search_mobile1Tests.swift; sourceTree = "<group>"; };
		3EEE5A722259CB880052AF71 /* Info.plist */ = {isa = PBXFileReference; lastKnownFileType = text.plist.xml; path = Info.plist; sourceTree = "<group>"; };
		3EEE5A772259CB880052AF71 /* product-search-mobile1UITests.xctest */ = {isa = PBXFileReference; explicitFileType = wrapper.cfbundle; includeInIndex = 0; path = "product-search-mobile1UITests.xctest"; sourceTree = BUILT_PRODUCTS_DIR; };
		3EEE5A7B2259CB880052AF71 /* product_search_mobile1UITests.swift */ = {isa = PBXFileReference; lastKnownFileType = sourcecode.swift; path = product_search_mobile1UITests.swift; sourceTree = "<group>"; };
		3EEE5A7D2259CB880052AF71 /* Info.plist */ = {isa = PBXFileReference; lastKnownFileType = text.plist.xml; path = Info.plist; sourceTree = "<group>"; };
		6C71711335929AAC8ECD7E42 /* Pods-product-search-mobile1UITests.release.xcconfig */ = {isa = PBXFileReference; includeInIndex = 1; lastKnownFileType = text.xcconfig; name = "Pods-product-search-mobile1UITests.release.xcconfig"; path = "Target Support Files/Pods-product-search-mobile1UITests/Pods-product-search-mobile1UITests.release.xcconfig"; sourceTree = "<group>"; };
		A529EDDFF472EDAE0CE973FD /* Pods-product-search-mobile1.debug.xcconfig */ = {isa = PBXFileReference; includeInIndex = 1; lastKnownFileType = text.xcconfig; name = "Pods-product-search-mobile1.debug.xcconfig"; path = "Target Support Files/Pods-product-search-mobile1/Pods-product-search-mobile1.debug.xcconfig"; sourceTree = "<group>"; };
		B4F72166B65F4EA2B47807DE /* Pods-product-search-mobile1UITests.debug.xcconfig */ = {isa = PBXFileReference; includeInIndex = 1; lastKnownFileType = text.xcconfig; name = "Pods-product-search-mobile1UITests.debug.xcconfig"; path = "Target Support Files/Pods-product-search-mobile1UITests/Pods-product-search-mobile1UITests.debug.xcconfig"; sourceTree = "<group>"; };
		B86529ACFD178792FD76AA97 /* Pods-product-search-mobile1Tests.debug.xcconfig */ = {isa = PBXFileReference; includeInIndex = 1; lastKnownFileType = text.xcconfig; name = "Pods-product-search-mobile1Tests.debug.xcconfig"; path = "Target Support Files/Pods-product-search-mobile1Tests/Pods-product-search-mobile1Tests.debug.xcconfig"; sourceTree = "<group>"; };
		BFE80CCAF220DA21116FCD60 /* Pods_product_search_mobile1Tests.framework */ = {isa = PBXFileReference; explicitFileType = wrapper.framework; includeInIndex = 0; path = Pods_product_search_mobile1Tests.framework; sourceTree = BUILT_PRODUCTS_DIR; };
		D3AC73B809E8C7B2B9F04A6B /* Pods-product-search-mobile1.release.xcconfig */ = {isa = PBXFileReference; includeInIndex = 1; lastKnownFileType = text.xcconfig; name = "Pods-product-search-mobile1.release.xcconfig"; path = "Target Support Files/Pods-product-search-mobile1/Pods-product-search-mobile1.release.xcconfig"; sourceTree = "<group>"; };
		E9D872D097F6400B26F79211 /* Pods_product_search_mobile1UITests.framework */ = {isa = PBXFileReference; explicitFileType = wrapper.framework; includeInIndex = 0; path = Pods_product_search_mobile1UITests.framework; sourceTree = BUILT_PRODUCTS_DIR; };
/* End PBXFileReference section */

/* Begin PBXFrameworksBuildPhase section */
		3EEE5A552259CB860052AF71 /* Frameworks */ = {
			isa = PBXFrameworksBuildPhase;
			buildActionMask = 2147483647;
			files = (
				8A4D9A0FFE41FAA88932F879 /* Pods_product_search_mobile1.framework in Frameworks */,
			);
			runOnlyForDeploymentPostprocessing = 0;
		};
		3EEE5A692259CB880052AF71 /* Frameworks */ = {
			isa = PBXFrameworksBuildPhase;
			buildActionMask = 2147483647;
			files = (
				79D4ED31924800DFAC87F53D /* Pods_product_search_mobile1Tests.framework in Frameworks */,
			);
			runOnlyForDeploymentPostprocessing = 0;
		};
		3EEE5A742259CB880052AF71 /* Frameworks */ = {
			isa = PBXFrameworksBuildPhase;
			buildActionMask = 2147483647;
			files = (
				A5CF4794469419BF607DFEAF /* Pods_product_search_mobile1UITests.framework in Frameworks */,
			);
			runOnlyForDeploymentPostprocessing = 0;
		};
/* End PBXFrameworksBuildPhase section */

/* Begin PBXGroup section */
		3EEE5A4F2259CB860052AF71 = {
			isa = PBXGroup;
			children = (
				3EEE5A5A2259CB860052AF71 /* product-search-mobile1 */,
				3EEE5A6F2259CB880052AF71 /* product-search-mobile1Tests */,
				3EEE5A7A2259CB880052AF71 /* product-search-mobile1UITests */,
				3EEE5A592259CB860052AF71 /* Products */,
				939204755429202922CE93EF /* Pods */,
				482B0F6757A47FEC120DADD6 /* Frameworks */,
			);
			sourceTree = "<group>";
		};
		3EEE5A592259CB860052AF71 /* Products */ = {
			isa = PBXGroup;
			children = (
				3EEE5A582259CB860052AF71 /* product-search-mobile1.app */,
				3EEE5A6C2259CB880052AF71 /* product-search-mobile1Tests.xctest */,
				3EEE5A772259CB880052AF71 /* product-search-mobile1UITests.xctest */,
			);
			name = Products;
			sourceTree = "<group>";
		};
		3EEE5A5A2259CB860052AF71 /* product-search-mobile1 */ = {
			isa = PBXGroup;
			children = (
				3E5F92A022618F9D009EDB49 /* product-search-mobile1.entitlements */,
				3EEE5A5B2259CB860052AF71 /* AppDelegate.swift */,
				3EEE5A5D2259CB860052AF71 /* ViewController.swift */,
				3E5F9288225D211B009EDB49 /* DetailTabController.swift */,
				3E5F928A225D34A2009EDB49 /* InfoViewController.swift */,
				3E5F928C225D3BA6009EDB49 /* InfoNavigationController.swift */,
				3EEE5A5F2259CB860052AF71 /* Main.storyboard */,
				3EEE5A622259CB880052AF71 /* Assets.xcassets */,
				3EEE5A642259CB880052AF71 /* LaunchScreen.storyboard */,
				3EEE5A672259CB880052AF71 /* Info.plist */,
				3E5F928E225D3DB1009EDB49 /* ShippingNavigationController.swift */,
				3E5F9290225D3DCD009EDB49 /* PhotosNavigationController.swift */,
				3E5F9292225D3DE8009EDB49 /* SimilarNavigationController.swift */,
				3E5F9294225D3E0A009EDB49 /* ShippingViewController.swift */,
				3E5F9296225D3E19009EDB49 /* PhotosViewController.swift */,
				3E5F9298225D3E2A009EDB49 /* SimilarViewController.swift */,
				3E5F929C226076CC009EDB49 /* TableViewController.swift */,
				3E5F929E22607DF3009EDB49 /* TableViewController1.swift */,
				3E5F92A12261A472009EDB49 /* MainNavigationController.swift */,
				3E5F92A32262762C009EDB49 /* ItemViewController.swift */,
			);
			path = "product-search-mobile1";
			sourceTree = "<group>";
		};
		3EEE5A6F2259CB880052AF71 /* product-search-mobile1Tests */ = {
			isa = PBXGroup;
			children = (
				3EEE5A702259CB880052AF71 /* product_search_mobile1Tests.swift */,
				3EEE5A722259CB880052AF71 /* Info.plist */,
			);
			path = "product-search-mobile1Tests";
			sourceTree = "<group>";
		};
		3EEE5A7A2259CB880052AF71 /* product-search-mobile1UITests */ = {
			isa = PBXGroup;
			children = (
				3EEE5A7B2259CB880052AF71 /* product_search_mobile1UITests.swift */,
				3EEE5A7D2259CB880052AF71 /* Info.plist */,
			);
			path = "product-search-mobile1UITests";
			sourceTree = "<group>";
		};
		482B0F6757A47FEC120DADD6 /* Frameworks */ = {
			isa = PBXGroup;
			children = (
				239E6CD7A2FCCEC729D3F460 /* Pods_product_search_mobile1.framework */,
				BFE80CCAF220DA21116FCD60 /* Pods_product_search_mobile1Tests.framework */,
				E9D872D097F6400B26F79211 /* Pods_product_search_mobile1UITests.framework */,
			);
			name = Frameworks;
			sourceTree = "<group>";
		};
		939204755429202922CE93EF /* Pods */ = {
			isa = PBXGroup;
			children = (
				A529EDDFF472EDAE0CE973FD /* Pods-product-search-mobile1.debug.xcconfig */,
				D3AC73B809E8C7B2B9F04A6B /* Pods-product-search-mobile1.release.xcconfig */,
				B86529ACFD178792FD76AA97 /* Pods-product-search-mobile1Tests.debug.xcconfig */,
				247DCAF1346C17FF71DA21FE /* Pods-product-search-mobile1Tests.release.xcconfig */,
				B4F72166B65F4EA2B47807DE /* Pods-product-search-mobile1UITests.debug.xcconfig */,
				6C71711335929AAC8ECD7E42 /* Pods-product-search-mobile1UITests.release.xcconfig */,
			);
			path = Pods;
			sourceTree = "<group>";
		};
/* End PBXGroup section */

/* Begin PBXNativeTarget section */
		3EEE5A572259CB860052AF71 /* product-search-mobile1 */ = {
			isa = PBXNativeTarget;
			buildConfigurationList = 3EEE5A802259CB880052AF71 /* Build configuration list for PBXNativeTarget "product-search-mobile1" */;
			buildPhases = (
				B730352D75F2643E13C8E457 /* [CP] Check Pods Manifest.lock */,
				3EEE5A542259CB860052AF71 /* Sources */,
				3EEE5A552259CB860052AF71 /* Frameworks */,
				3EEE5A562259CB860052AF71 /* Resources */,
				01C924109F79FABD253068F8 /* [CP] Embed Pods Frameworks */,
			);
			buildRules = (
			);
			dependencies = (
			);
			name = "product-search-mobile1";
			productName = "product-search-mobile1";
			productReference = 3EEE5A582259CB860052AF71 /* product-search-mobile1.app */;
			productType = "com.apple.product-type.application";
		};
		3EEE5A6B2259CB880052AF71 /* product-search-mobile1Tests */ = {
			isa = PBXNativeTarget;
			buildConfigurationList = 3EEE5A832259CB880052AF71 /* Build configuration list for PBXNativeTarget "product-search-mobile1Tests" */;
			buildPhases = (
				99CB609F4FB59E4649F9C619 /* [CP] Check Pods Manifest.lock */,
				3EEE5A682259CB880052AF71 /* Sources */,
				3EEE5A692259CB880052AF71 /* Frameworks */,
				3EEE5A6A2259CB880052AF71 /* Resources */,
			);
			buildRules = (
			);
			dependencies = (
				3EEE5A6E2259CB880052AF71 /* PBXTargetDependency */,
			);
			name = "product-search-mobile1Tests";
			productName = "product-search-mobile1Tests";
			productReference = 3EEE5A6C2259CB880052AF71 /* product-search-mobile1Tests.xctest */;
			productType = "com.apple.product-type.bundle.unit-test";
		};
		3EEE5A762259CB880052AF71 /* product-search-mobile1UITests */ = {
			isa = PBXNativeTarget;
			buildConfigurationList = 3EEE5A862259CB880052AF71 /* Build configuration list for PBXNativeTarget "product-search-mobile1UITests" */;
			buildPhases = (
				FD1C25CB041749EC7D335406 /* [CP] Check Pods Manifest.lock */,
				3EEE5A732259CB880052AF71 /* Sources */,
				3EEE5A742259CB880052AF71 /* Frameworks */,
				3EEE5A752259CB880052AF71 /* Resources */,
			);
			buildRules = (
			);
			dependencies = (
				3EEE5A792259CB880052AF71 /* PBXTargetDependency */,
			);
			name = "product-search-mobile1UITests";
			productName = "product-search-mobile1UITests";
			productReference = 3EEE5A772259CB880052AF71 /* product-search-mobile1UITests.xctest */;
			productType = "com.apple.product-type.bundle.ui-testing";
		};
/* End PBXNativeTarget section */

/* Begin PBXProject section */
		3EEE5A502259CB860052AF71 /* Project object */ = {
			isa = PBXProject;
			attributes = {
				LastSwiftUpdateCheck = 1010;
				LastUpgradeCheck = 1010;
				ORGANIZATIONNAME = "王馨嫻";
				TargetAttributes = {
					3EEE5A572259CB860052AF71 = {
						CreatedOnToolsVersion = 10.1;
						SystemCapabilities = {
							com.apple.Keychain = {
								enabled = 1;
							};
						};
					};
					3EEE5A6B2259CB880052AF71 = {
						CreatedOnToolsVersion = 10.1;
						TestTargetID = 3EEE5A572259CB860052AF71;
					};
					3EEE5A762259CB880052AF71 = {
						CreatedOnToolsVersion = 10.1;
						TestTargetID = 3EEE5A572259CB860052AF71;
					};
				};
			};
			buildConfigurationList = 3EEE5A532259CB860052AF71 /* Build configuration list for PBXProject "product-search-mobile1" */;
			compatibilityVersion = "Xcode 9.3";
			developmentRegion = en;
			hasScannedForEncodings = 0;
			knownRegions = (
				en,
				Base,
			);
			mainGroup = 3EEE5A4F2259CB860052AF71;
			productRefGroup = 3EEE5A592259CB860052AF71 /* Products */;
			projectDirPath = "";
			projectRoot = "";
			targets = (
				3EEE5A572259CB860052AF71 /* product-search-mobile1 */,
				3EEE5A6B2259CB880052AF71 /* product-search-mobile1Tests */,
				3EEE5A762259CB880052AF71 /* product-search-mobile1UITests */,
			);
		};
/* End PBXProject section */

/* Begin PBXResourcesBuildPhase section */
		3EEE5A562259CB860052AF71 /* Resources */ = {
			isa = PBXResourcesBuildPhase;
			buildActionMask = 2147483647;
			files = (
				3EEE5A662259CB880052AF71 /* LaunchScreen.storyboard in Resources */,
				3EEE5A632259CB880052AF71 /* Assets.xcassets in Resources */,
				3EEE5A612259CB860052AF71 /* Main.storyboard in Resources */,
			);
			runOnlyForDeploymentPostprocessing = 0;
		};
		3EEE5A6A2259CB880052AF71 /* Resources */ = {
			isa = PBXResourcesBuildPhase;
			buildActionMask = 2147483647;
			files = (
			);
			runOnlyForDeploymentPostprocessing = 0;
		};
		3EEE5A752259CB880052AF71 /* Resources */ = {
			isa = PBXResourcesBuildPhase;
			buildActionMask = 2147483647;
			files = (
			);
			runOnlyForDeploymentPostprocessing = 0;
		};
/* End PBXResourcesBuildPhase section */

/* Begin PBXShellScriptBuildPhase section */
		01C924109F79FABD253068F8 /* [CP] Embed Pods Frameworks */ = {
			isa = PBXShellScriptBuildPhase;
			buildActionMask = 2147483647;
			files = (
			);
			inputFileListPaths = (
			);
			inputPaths = (
				"${PODS_ROOT}/Target Support Files/Pods-product-search-mobile1/Pods-product-search-mobile1-frameworks.sh",
				"${BUILT_PRODUCTS_DIR}/AFNetworking/AFNetworking.framework",
				"${BUILT_PRODUCTS_DIR}/Bolts/Bolts.framework",
				"${BUILT_PRODUCTS_DIR}/FBSDKCoreKit/FBSDKCoreKit.framework",
				"${BUILT_PRODUCTS_DIR}/FBSDKLoginKit/FBSDKLoginKit.framework",
				"${BUILT_PRODUCTS_DIR}/FBSDKShareKit/FBSDKShareKit.framework",
				"${BUILT_PRODUCTS_DIR}/FLKAutoLayout/FLKAutoLayout.framework",
				"${BUILT_PRODUCTS_DIR}/FacebookCore/FacebookCore.framework",
				"${BUILT_PRODUCTS_DIR}/FacebookLogin/FacebookLogin.framework",
				"${BUILT_PRODUCTS_DIR}/FacebookShare/FacebookShare.framework",
				"${BUILT_PRODUCTS_DIR}/ORStackView/ORStackView.framework",
				"${BUILT_PRODUCTS_DIR}/SwiftSpinner/SwiftSpinner.framework",
			);
			name = "[CP] Embed Pods Frameworks";
			outputFileListPaths = (
			);
			outputPaths = (
				"${TARGET_BUILD_DIR}/${FRAMEWORKS_FOLDER_PATH}/AFNetworking.framework",
				"${TARGET_BUILD_DIR}/${FRAMEWORKS_FOLDER_PATH}/Bolts.framework",
				"${TARGET_BUILD_DIR}/${FRAMEWORKS_FOLDER_PATH}/FBSDKCoreKit.framework",
				"${TARGET_BUILD_DIR}/${FRAMEWORKS_FOLDER_PATH}/FBSDKLoginKit.framework",
				"${TARGET_BUILD_DIR}/${FRAMEWORKS_FOLDER_PATH}/FBSDKShareKit.framework",
				"${TARGET_BUILD_DIR}/${FRAMEWORKS_FOLDER_PATH}/FLKAutoLayout.framework",
				"${TARGET_BUILD_DIR}/${FRAMEWORKS_FOLDER_PATH}/FacebookCore.framework",
				"${TARGET_BUILD_DIR}/${FRAMEWORKS_FOLDER_PATH}/FacebookLogin.framework",
				"${TARGET_BUILD_DIR}/${FRAMEWORKS_FOLDER_PATH}/FacebookShare.framework",
				"${TARGET_BUILD_DIR}/${FRAMEWORKS_FOLDER_PATH}/ORStackView.framework",
				"${TARGET_BUILD_DIR}/${FRAMEWORKS_FOLDER_PATH}/SwiftSpinner.framework",
			);
			runOnlyForDeploymentPostprocessing = 0;
			shellPath = /bin/sh;
			shellScript = "\"${PODS_ROOT}/Target Support Files/Pods-product-search-mobile1/Pods-product-search-mobile1-frameworks.sh\"\n";
			showEnvVarsInLog = 0;
		};
		99CB609F4FB59E4649F9C619 /* [CP] Check Pods Manifest.lock */ = {
			isa = PBXShellScriptBuildPhase;
			buildActionMask = 2147483647;
			files = (
			);
			inputFileListPaths = (
			);
			inputPaths = (
				"${PODS_PODFILE_DIR_PATH}/Podfile.lock",
				"${PODS_ROOT}/Manifest.lock",
			);
			name = "[CP] Check Pods Manifest.lock";
			outputFileListPaths = (
			);
			outputPaths = (
				"$(DERIVED_FILE_DIR)/Pods-product-search-mobile1Tests-checkManifestLockResult.txt",
			);
			runOnlyForDeploymentPostprocessing = 0;
			shellPath = /bin/sh;
			shellScript = "diff \"${PODS_PODFILE_DIR_PATH}/Podfile.lock\" \"${PODS_ROOT}/Manifest.lock\" > /dev/null\nif [ $? != 0 ] ; then\n    # print error to STDERR\n    echo \"error: The sandbox is not in sync with the Podfile.lock. Run 'pod install' or update your CocoaPods installation.\" >&2\n    exit 1\nfi\n# This output is used by Xcode 'outputs' to avoid re-running this script phase.\necho \"SUCCESS\" > \"${SCRIPT_OUTPUT_FILE_0}\"\n";
			showEnvVarsInLog = 0;
		};
		B730352D75F2643E13C8E457 /* [CP] Check Pods Manifest.lock */ = {
			isa = PBXShellScriptBuildPhase;
			buildActionMask = 2147483647;
			files = (
			);
			inputFileListPaths = (
			);
			inputPaths = (
				"${PODS_PODFILE_DIR_PATH}/Podfile.lock",
				"${PODS_ROOT}/Manifest.lock",
			);
			name = "[CP] Check Pods Manifest.lock";
			outputFileListPaths = (
			);
			outputPaths = (
				"$(DERIVED_FILE_DIR)/Pods-product-search-mobile1-checkManifestLockResult.txt",
			);
			runOnlyForDeploymentPostprocessing = 0;
			shellPath = /bin/sh;
			shellScript = "diff \"${PODS_PODFILE_DIR_PATH}/Podfile.lock\" \"${PODS_ROOT}/Manifest.lock\" > /dev/null\nif [ $? != 0 ] ; then\n    # print error to STDERR\n    echo \"error: The sandbox is not in sync with the Podfile.lock. Run 'pod install' or update your CocoaPods installation.\" >&2\n    exit 1\nfi\n# This output is used by Xcode 'outputs' to avoid re-running this script phase.\necho \"SUCCESS\" > \"${SCRIPT_OUTPUT_FILE_0}\"\n";
			showEnvVarsInLog = 0;
		};
		FD1C25CB041749EC7D335406 /* [CP] Check Pods Manifest.lock */ = {
			isa = PBXShellScriptBuildPhase;
			buildActionMask = 2147483647;
			files = (
			);
			inputFileListPaths = (
			);
			inputPaths = (
				"${PODS_PODFILE_DIR_PATH}/Podfile.lock",
				"${PODS_ROOT}/Manifest.lock",
			);
			name = "[CP] Check Pods Manifest.lock";
			outputFileListPaths = (
			);
			outputPaths = (
				"$(DERIVED_FILE_DIR)/Pods-product-search-mobile1UITests-checkManifestLockResult.txt",
			);
			runOnlyForDeploymentPostprocessing = 0;
			shellPath = /bin/sh;
			shellScript = "diff \"${PODS_PODFILE_DIR_PATH}/Podfile.lock\" \"${PODS_ROOT}/Manifest.lock\" > /dev/null\nif [ $? != 0 ] ; then\n    # print error to STDERR\n    echo \"error: The sandbox is not in sync with the Podfile.lock. Run 'pod install' or update your CocoaPods installation.\" >&2\n    exit 1\nfi\n# This output is used by Xcode 'outputs' to avoid re-running this script phase.\necho \"SUCCESS\" > \"${SCRIPT_OUTPUT_FILE_0}\"\n";
			showEnvVarsInLog = 0;
		};
/* End PBXShellScriptBuildPhase section */

/* Begin PBXSourcesBuildPhase section */
		3EEE5A542259CB860052AF71 /* Sources */ = {
			isa = PBXSourcesBuildPhase;
			buildActionMask = 2147483647;
			files = (
				3E5F9291225D3DCD009EDB49 /* PhotosNavigationController.swift in Sources */,
				3EEE5A5E2259CB860052AF71 /* ViewController.swift in Sources */,
				3E5F92A42262762C009EDB49 /* ItemViewController.swift in Sources */,
				3E5F929F22607DF3009EDB49 /* TableViewController1.swift in Sources */,
				3E5F9289225D211B009EDB49 /* DetailTabController.swift in Sources */,
				3E5F92A22261A472009EDB49 /* MainNavigationController.swift in Sources */,
				3E5F928D225D3BA6009EDB49 /* InfoNavigationController.swift in Sources */,
				3E5F928B225D34A2009EDB49 /* InfoViewController.swift in Sources */,
				3E5F9293225D3DE8009EDB49 /* SimilarNavigationController.swift in Sources */,
				3EEE5A5C2259CB860052AF71 /* AppDelegate.swift in Sources */,
				3E5F929D226076CC009EDB49 /* TableViewController.swift in Sources */,
				3E5F9297225D3E19009EDB49 /* PhotosViewController.swift in Sources */,
				3E5F9299225D3E2A009EDB49 /* SimilarViewController.swift in Sources */,
				3E5F9295225D3E0A009EDB49 /* ShippingViewController.swift in Sources */,
				3E5F928F225D3DB1009EDB49 /* ShippingNavigationController.swift in Sources */,
			);
			runOnlyForDeploymentPostprocessing = 0;
		};
		3EEE5A682259CB880052AF71 /* Sources */ = {
			isa = PBXSourcesBuildPhase;
			buildActionMask = 2147483647;
			files = (
				3EEE5A712259CB880052AF71 /* product_search_mobile1Tests.swift in Sources */,
			);
			runOnlyForDeploymentPostprocessing = 0;
		};
		3EEE5A732259CB880052AF71 /* Sources */ = {
			isa = PBXSourcesBuildPhase;
			buildActionMask = 2147483647;
			files = (
				3EEE5A7C2259CB880052AF71 /* product_search_mobile1UITests.swift in Sources */,
			);
			runOnlyForDeploymentPostprocessing = 0;
		};
/* End PBXSourcesBuildPhase section */

/* Begin PBXTargetDependency section */
		3EEE5A6E2259CB880052AF71 /* PBXTargetDependency */ = {
			isa = PBXTargetDependency;
			target = 3EEE5A572259CB860052AF71 /* product-search-mobile1 */;
			targetProxy = 3EEE5A6D2259CB880052AF71 /* PBXContainerItemProxy */;
		};
		3EEE5A792259CB880052AF71 /* PBXTargetDependency */ = {
			isa = PBXTargetDependency;
			target = 3EEE5A572259CB860052AF71 /* product-search-mobile1 */;
			targetProxy = 3EEE5A782259CB880052AF71 /* PBXContainerItemProxy */;
		};
/* End PBXTargetDependency section */

/* Begin PBXVariantGroup section */
		3EEE5A5F2259CB860052AF71 /* Main.storyboard */ = {
			isa = PBXVariantGroup;
			children = (
				3EEE5A602259CB860052AF71 /* Base */,
			);
			name = Main.storyboard;
			sourceTree = "<group>";
		};
		3EEE5A642259CB880052AF71 /* LaunchScreen.storyboard */ = {
			isa = PBXVariantGroup;
			children = (
				3EEE5A652259CB880052AF71 /* Base */,
			);
			name = LaunchScreen.storyboard;
			sourceTree = "<group>";
		};
/* End PBXVariantGroup section */

/* Begin XCBuildConfiguration section */
		3EEE5A7E2259CB880052AF71 /* Debug */ = {
			isa = XCBuildConfiguration;
			buildSettings = {
				ALWAYS_SEARCH_USER_PATHS = NO;
				CLANG_ANALYZER_NONNULL = YES;
				CLANG_ANALYZER_NUMBER_OBJECT_CONVERSION = YES_AGGRESSIVE;
				CLANG_CXX_LANGUAGE_STANDARD = "gnu++14";
				CLANG_CXX_LIBRARY = "libc++";
				CLANG_ENABLE_MODULES = YES;
				CLANG_ENABLE_OBJC_ARC = YES;
				CLANG_ENABLE_OBJC_WEAK = YES;
				CLANG_WARN_BLOCK_CAPTURE_AUTORELEASING = YES;
				CLANG_WARN_BOOL_CONVERSION = YES;
				CLANG_WARN_COMMA = YES;
				CLANG_WARN_CONSTANT_CONVERSION = YES;
				CLANG_WARN_DEPRECATED_OBJC_IMPLEMENTATIONS = YES;
				CLANG_WARN_DIRECT_OBJC_ISA_USAGE = YES_ERROR;
				CLANG_WARN_DOCUMENTATION_COMMENTS = YES;
				CLANG_WARN_EMPTY_BODY = YES;
				CLANG_WARN_ENUM_CONVERSION = YES;
				CLANG_WARN_INFINITE_RECURSION = YES;
				CLANG_WARN_INT_CONVERSION = YES;
				CLANG_WARN_NON_LITERAL_NULL_CONVERSION = YES;
				CLANG_WARN_OBJC_IMPLICIT_RETAIN_SELF = YES;
				CLANG_WARN_OBJC_LITERAL_CONVERSION = YES;
				CLANG_WARN_OBJC_ROOT_CLASS = YES_ERROR;
				CLANG_WARN_RANGE_LOOP_ANALYSIS = YES;
				CLANG_WARN_STRICT_PROTOTYPES = YES;
				CLANG_WARN_SUSPICIOUS_MOVE = YES;
				CLANG_WARN_UNGUARDED_AVAILABILITY = YES_AGGRESSIVE;
				CLANG_WARN_UNREACHABLE_CODE = YES;
				CLANG_WARN__DUPLICATE_METHOD_MATCH = YES;
				CODE_SIGN_IDENTITY = "iPhone Developer";
				COPY_PHASE_STRIP = NO;
				DEBUG_INFORMATION_FORMAT = dwarf;
				ENABLE_STRICT_OBJC_MSGSEND = YES;
				ENABLE_TESTABILITY = YES;
				GCC_C_LANGUAGE_STANDARD = gnu11;
				GCC_DYNAMIC_NO_PIC = NO;
				GCC_NO_COMMON_BLOCKS = YES;
				GCC_OPTIMIZATION_LEVEL = 0;
				GCC_PREPROCESSOR_DEFINITIONS = (
					"DEBUG=1",
					"$(inherited)",
				);
				GCC_WARN_64_TO_32_BIT_CONVERSION = YES;
				GCC_WARN_ABOUT_RETURN_TYPE = YES_ERROR;
				GCC_WARN_UNDECLARED_SELECTOR = YES;
				GCC_WARN_UNINITIALIZED_AUTOS = YES_AGGRESSIVE;
				GCC_WARN_UNUSED_FUNCTION = YES;
				GCC_WARN_UNUSED_VARIABLE = YES;
				IPHONEOS_DEPLOYMENT_TARGET = 12.1;
				MTL_ENABLE_DEBUG_INFO = INCLUDE_SOURCE;
				MTL_FAST_MATH = YES;
				ONLY_ACTIVE_ARCH = YES;
				SDKROOT = iphoneos;
				SWIFT_ACTIVE_COMPILATION_CONDITIONS = DEBUG;
				SWIFT_OPTIMIZATION_LEVEL = "-Onone";
			};
			name = Debug;
		};
		3EEE5A7F2259CB880052AF71 /* Release */ = {
			isa = XCBuildConfiguration;
			buildSettings = {
				ALWAYS_SEARCH_USER_PATHS = NO;
				CLANG_ANALYZER_NONNULL = YES;
				CLANG_ANALYZER_NUMBER_OBJECT_CONVERSION = YES_AGGRESSIVE;
				CLANG_CXX_LANGUAGE_STANDARD = "gnu++14";
				CLANG_CXX_LIBRARY = "libc++";
				CLANG_ENABLE_MODULES = YES;
				CLANG_ENABLE_OBJC_ARC = YES;
				CLANG_ENABLE_OBJC_WEAK = YES;
				CLANG_WARN_BLOCK_CAPTURE_AUTORELEASING = YES;
				CLANG_WARN_BOOL_CONVERSION = YES;
				CLANG_WARN_COMMA = YES;
				CLANG_WARN_CONSTANT_CONVERSION = YES;
				CLANG_WARN_DEPRECATED_OBJC_IMPLEMENTATIONS = YES;
				CLANG_WARN_DIRECT_OBJC_ISA_USAGE = YES_ERROR;
				CLANG_WARN_DOCUMENTATION_COMMENTS = YES;
				CLANG_WARN_EMPTY_BODY = YES;
				CLANG_WARN_ENUM_CONVERSION = YES;
				CLANG_WARN_INFINITE_RECURSION = YES;
				CLANG_WARN_INT_CONVERSION = YES;
				CLANG_WARN_NON_LITERAL_NULL_CONVERSION = YES;
				CLANG_WARN_OBJC_IMPLICIT_RETAIN_SELF = YES;
				CLANG_WARN_OBJC_LITERAL_CONVERSION = YES;
				CLANG_WARN_OBJC_ROOT_CLASS = YES_ERROR;
				CLANG_WARN_RANGE_LOOP_ANALYSIS = YES;
				CLANG_WARN_STRICT_PROTOTYPES = YES;
				CLANG_WARN_SUSPICIOUS_MOVE = YES;
				CLANG_WARN_UNGUARDED_AVAILABILITY = YES_AGGRESSIVE;
				CLANG_WARN_UNREACHABLE_CODE = YES;
				CLANG_WARN__DUPLICATE_METHOD_MATCH = YES;
				CODE_SIGN_IDENTITY = "iPhone Developer";
				COPY_PHASE_STRIP = NO;
				DEBUG_INFORMATION_FORMAT = "dwarf-with-dsym";
				ENABLE_NS_ASSERTIONS = NO;
				ENABLE_STRICT_OBJC_MSGSEND = YES;
				GCC_C_LANGUAGE_STANDARD = gnu11;
				GCC_NO_COMMON_BLOCKS = YES;
				GCC_WARN_64_TO_32_BIT_CONVERSION = YES;
				GCC_WARN_ABOUT_RETURN_TYPE = YES_ERROR;
				GCC_WARN_UNDECLARED_SELECTOR = YES;
				GCC_WARN_UNINITIALIZED_AUTOS = YES_AGGRESSIVE;
				GCC_WARN_UNUSED_FUNCTION = YES;
				GCC_WARN_UNUSED_VARIABLE = YES;
				IPHONEOS_DEPLOYMENT_TARGET = 12.1;
				MTL_ENABLE_DEBUG_INFO = NO;
				MTL_FAST_MATH = YES;
				SDKROOT = iphoneos;
				SWIFT_COMPILATION_MODE = wholemodule;
				SWIFT_OPTIMIZATION_LEVEL = "-O";
				VALIDATE_PRODUCT = YES;
			};
			name = Release;
		};
		3EEE5A812259CB880052AF71 /* Debug */ = {
			isa = XCBuildConfiguration;
			baseConfigurationReference = A529EDDFF472EDAE0CE973FD /* Pods-product-search-mobile1.debug.xcconfig */;
			buildSettings = {
				ASSETCATALOG_COMPILER_APPICON_NAME = AppIcon;
				CODE_SIGN_ENTITLEMENTS = "product-search-mobile1/product-search-mobile1.entitlements";
				CODE_SIGN_STYLE = Automatic;
				DEVELOPMENT_TEAM = L64KBPL469;
				INFOPLIST_FILE = "product-search-mobile1/Info.plist";
				LD_RUNPATH_SEARCH_PATHS = (
					"$(inherited)",
					"@executable_path/Frameworks",
				);
				PRODUCT_BUNDLE_IDENTIFIER = "sophiahat.product-search-mobile1";
				PRODUCT_NAME = "$(TARGET_NAME)";
				SWIFT_VERSION = 4.2;
				TARGETED_DEVICE_FAMILY = "1,2";
			};
			name = Debug;
		};
		3EEE5A822259CB880052AF71 /* Release */ = {
			isa = XCBuildConfiguration;
			baseConfigurationReference = D3AC73B809E8C7B2B9F04A6B /* Pods-product-search-mobile1.release.xcconfig */;
			buildSettings = {
				ASSETCATALOG_COMPILER_APPICON_NAME = AppIcon;
				CODE_SIGN_ENTITLEMENTS = "product-search-mobile1/product-search-mobile1.entitlements";
				CODE_SIGN_STYLE = Automatic;
				DEVELOPMENT_TEAM = L64KBPL469;
				INFOPLIST_FILE = "product-search-mobile1/Info.plist";
				LD_RUNPATH_SEARCH_PATHS = (
					"$(inherited)",
					"@executable_path/Frameworks",
				);
				PRODUCT_BUNDLE_IDENTIFIER = "sophiahat.product-search-mobile1";
				PRODUCT_NAME = "$(TARGET_NAME)";
				SWIFT_VERSION = 4.2;
				TARGETED_DEVICE_FAMILY = "1,2";
			};
			name = Release;
		};
		3EEE5A842259CB880052AF71 /* Debug */ = {
			isa = XCBuildConfiguration;
			baseConfigurationReference = B86529ACFD178792FD76AA97 /* Pods-product-search-mobile1Tests.debug.xcconfig */;
			buildSettings = {
				ALWAYS_EMBED_SWIFT_STANDARD_LIBRARIES = YES;
				BUNDLE_LOADER = "$(TEST_HOST)";
				CODE_SIGN_STYLE = Automatic;
				DEVELOPMENT_TEAM = L64KBPL469;
				INFOPLIST_FILE = "product-search-mobile1Tests/Info.plist";
				LD_RUNPATH_SEARCH_PATHS = (
					"$(inherited)",
					"@executable_path/Frameworks",
					"@loader_path/Frameworks",
				);
				PRODUCT_BUNDLE_IDENTIFIER = "sophiahat.product-search-mobile1Tests";
				PRODUCT_NAME = "$(TARGET_NAME)";
				SWIFT_VERSION = 4.2;
				TARGETED_DEVICE_FAMILY = "1,2";
				TEST_HOST = "$(BUILT_PRODUCTS_DIR)/product-search-mobile1.app/product-search-mobile1";
			};
			name = Debug;
		};
		3EEE5A852259CB880052AF71 /* Release */ = {
			isa = XCBuildConfiguration;
			baseConfigurationReference = 247DCAF1346C17FF71DA21FE /* Pods-product-search-mobile1Tests.release.xcconfig */;
			buildSettings = {
				ALWAYS_EMBED_SWIFT_STANDARD_LIBRARIES = YES;
				BUNDLE_LOADER = "$(TEST_HOST)";
				CODE_SIGN_STYLE = Automatic;
				DEVELOPMENT_TEAM = L64KBPL469;
				INFOPLIST_FILE = "product-search-mobile1Tests/Info.plist";
				LD_RUNPATH_SEARCH_PATHS = (
					"$(inherited)",
					"@executable_path/Frameworks",
					"@loader_path/Frameworks",
				);
				PRODUCT_BUNDLE_IDENTIFIER = "sophiahat.product-search-mobile1Tests";
				PRODUCT_NAME = "$(TARGET_NAME)";
				SWIFT_VERSION = 4.2;
				TARGETED_DEVICE_FAMILY = "1,2";
				TEST_HOST = "$(BUILT_PRODUCTS_DIR)/product-search-mobile1.app/product-search-mobile1";
			};
			name = Release;
		};
		3EEE5A872259CB880052AF71 /* Debug */ = {
			isa = XCBuildConfiguration;
			baseConfigurationReference = B4F72166B65F4EA2B47807DE /* Pods-product-search-mobile1UITests.debug.xcconfig */;
			buildSettings = {
				ALWAYS_EMBED_SWIFT_STANDARD_LIBRARIES = YES;
				CODE_SIGN_STYLE = Automatic;
				DEVELOPMENT_TEAM = L64KBPL469;
				INFOPLIST_FILE = "product-search-mobile1UITests/Info.plist";
				LD_RUNPATH_SEARCH_PATHS = (
					"$(inherited)",
					"@executable_path/Frameworks",
					"@loader_path/Frameworks",
				);
				PRODUCT_BUNDLE_IDENTIFIER = "sophiahat.product-search-mobile1UITests";
				PRODUCT_NAME = "$(TARGET_NAME)";
				SWIFT_VERSION = 4.2;
				TARGETED_DEVICE_FAMILY = "1,2";
				TEST_TARGET_NAME = "product-search-mobile1";
			};
			name = Debug;
		};
		3EEE5A882259CB880052AF71 /* Release */ = {
			isa = XCBuildConfiguration;
			baseConfigurationReference = 6C71711335929AAC8ECD7E42 /* Pods-product-search-mobile1UITests.release.xcconfig */;
			buildSettings = {
				ALWAYS_EMBED_SWIFT_STANDARD_LIBRARIES = YES;
				CODE_SIGN_STYLE = Automatic;
				DEVELOPMENT_TEAM = L64KBPL469;
				INFOPLIST_FILE = "product-search-mobile1UITests/Info.plist";
				LD_RUNPATH_SEARCH_PATHS = (
					"$(inherited)",
					"@executable_path/Frameworks",
					"@loader_path/Frameworks",
				);
				PRODUCT_BUNDLE_IDENTIFIER = "sophiahat.product-search-mobile1UITests";
				PRODUCT_NAME = "$(TARGET_NAME)";
				SWIFT_VERSION = 4.2;
				TARGETED_DEVICE_FAMILY = "1,2";
				TEST_TARGET_NAME = "product-search-mobile1";
			};
			name = Release;
		};
/* End XCBuildConfiguration section */

/* Begin XCConfigurationList section */
		3EEE5A532259CB860052AF71 /* Build configuration list for PBXProject "product-search-mobile1" */ = {
			isa = XCConfigurationList;
			buildConfigurations = (
				3EEE5A7E2259CB880052AF71 /* Debug */,
				3EEE5A7F2259CB880052AF71 /* Release */,
			);
			defaultConfigurationIsVisible = 0;
			defaultConfigurationName = Release;
		};
		3EEE5A802259CB880052AF71 /* Build configuration list for PBXNativeTarget "product-search-mobile1" */ = {
			isa = XCConfigurationList;
			buildConfigurations = (
				3EEE5A812259CB880052AF71 /* Debug */,
				3EEE5A822259CB880052AF71 /* Release */,
			);
			defaultConfigurationIsVisible = 0;
			defaultConfigurationName = Release;
		};
		3EEE5A832259CB880052AF71 /* Build configuration list for PBXNativeTarget "product-search-mobile1Tests" */ = {
			isa = XCConfigurationList;
			buildConfigurations = (
				3EEE5A842259CB880052AF71 /* Debug */,
				3EEE5A852259CB880052AF71 /* Release */,
			);
			defaultConfigurationIsVisible = 0;
			defaultConfigurationName = Release;
		};
		3EEE5A862259CB880052AF71 /* Build configuration list for PBXNativeTarget "product-search-mobile1UITests" */ = {
			isa = XCConfigurationList;
			buildConfigurations = (
				3EEE5A872259CB880052AF71 /* Debug */,
				3EEE5A882259CB880052AF71 /* Release */,
			);
			defaultConfigurationIsVisible = 0;
			defaultConfigurationName = Release;
		};
/* End XCConfigurationList section */
	};
	rootObject = 3EEE5A502259CB860052AF71 /* Project object */;
}
